
Microsoft Visual Studio Solution File, Format Version 12.00
# Visual Studio Version 17
VisualStudioVersion = 17.13.35617.110 d17.13
MinimumVisualStudioVersion = 10.0.40219.1
Project("{FAE04EC0-301F-11D3-BF4B-00C04F79EFBC}") = "OOP PR", "ConsoleApp4\OOP PR.csproj", "{AC95F7D3-07DF-491C-8319-B2323CA2426E}"
EndProject
Global
	GlobalSection(SolutionConfigurationPlatforms) = preSolution
		Debug|Any CPU = Debug|Any CPU
		Release|Any CPU = Release|Any CPU
	EndGlobalSection
	GlobalSection(ProjectConfigurationPlatforms) = postSolution
		{AC95F7D3-07DF-491C-8319-B2323CA2426E}.Debug|Any CPU.ActiveCfg = Debug|Any CPU
		{AC95F7D3-07DF-491C-8319-B2323CA2426E}.Debug|Any CPU.Build.0 = Debug|Any CPU
		{AC95F7D3-07DF-491C-8319-B2323CA2426E}.Release|Any CPU.ActiveCfg = Release|Any CPU
		{AC95F7D3-07DF-491C-8319-B2323CA2426E}.Release|Any CPU.Build.0 = Release|Any CPU
	EndGlobalSection
	GlobalSection(SolutionProperties) = preSolution
		HideSolutionNode = FALSE
	EndGlobalSection
	GlobalSection(ExtensibilityGlobals) = postSolution
		SolutionGuid = {4A598610-7EE3-4F57-A695-6216AEC11EB4}
	EndGlobalSection
EndGlobal
